
Microsoft Visual Studio Solution File, Format Version 12.00
# Visual Studio Version 17
VisualStudioVersion = 17.10.35013.160
MinimumVisualStudioVersion = 10.0.40219.1
Project("{FAE04EC0-301F-11D3-BF4B-00C04F79EFBC}") = "Proyect conctatos final", "Proyect conctatos final.csproj", "{E26E839A-67B5-413F-B33F-D4D6603E7BCB}"
EndProject
Global
	GlobalSection(SolutionConfigurationPlatforms) = preSolution
		Debug|Any CPU = Debug|Any CPU
		Release|Any CPU = Release|Any CPU
	EndGlobalSection
	GlobalSection(ProjectConfigurationPlatforms) = postSolution
		{E26E839A-67B5-413F-B33F-D4D6603E7BCB}.Debug|Any CPU.ActiveCfg = Debug|Any CPU
		{E26E839A-67B5-413F-B33F-D4D6603E7BCB}.Debug|Any CPU.Build.0 = Debug|Any CPU
		{E26E839A-67B5-413F-B33F-D4D6603E7BCB}.Release|Any CPU.ActiveCfg = Release|Any CPU
		{E26E839A-67B5-413F-B33F-D4D6603E7BCB}.Release|Any CPU.Build.0 = Release|Any CPU
	EndGlobalSection
	GlobalSection(SolutionProperties) = preSolution
		HideSolutionNode = FALSE
	EndGlobalSection
	GlobalSection(ExtensibilityGlobals) = postSolution
		SolutionGuid = {993CC577-8EB6-46B8-888B-DD554459B679}
	EndGlobalSection
EndGlobal
