
Microsoft Visual Studio Solution File, Format Version 12.00
# Visual Studio Version 17
VisualStudioVersion = 17.10.35013.160
MinimumVisualStudioVersion = 10.0.40219.1
Project("{FAE04EC0-301F-11D3-BF4B-00C04F79EFBC}") = "new proye", "new proye.csproj", "{7049750B-8116-4076-8EE1-050E7BDCA364}"
EndProject
Global
	GlobalSection(SolutionConfigurationPlatforms) = preSolution
		Debug|Any CPU = Debug|Any CPU
		Release|Any CPU = Release|Any CPU
	EndGlobalSection
	GlobalSection(ProjectConfigurationPlatforms) = postSolution
		{7049750B-8116-4076-8EE1-050E7BDCA364}.Debug|Any CPU.ActiveCfg = Debug|Any CPU
		{7049750B-8116-4076-8EE1-050E7BDCA364}.Debug|Any CPU.Build.0 = Debug|Any CPU
		{7049750B-8116-4076-8EE1-050E7BDCA364}.Release|Any CPU.ActiveCfg = Release|Any CPU
		{7049750B-8116-4076-8EE1-050E7BDCA364}.Release|Any CPU.Build.0 = Release|Any CPU
	EndGlobalSection
	GlobalSection(SolutionProperties) = preSolution
		HideSolutionNode = FALSE
	EndGlobalSection
	GlobalSection(ExtensibilityGlobals) = postSolution
		SolutionGuid = {BBB5C7A3-9F46-467F-9D6B-C67200C1A730}
	EndGlobalSection
EndGlobal
