
Microsoft Visual Studio Solution File, Format Version 12.00
# Visual Studio Version 17
VisualStudioVersion = 17.10.35013.160
MinimumVisualStudioVersion = 10.0.40219.1
Project("{FAE04EC0-301F-11D3-BF4B-00C04F79EFBC}") = "Proyecto agenda de conctatos Final 1.1", "Proyecto agenda de conctatos Final 1.1.csproj", "{3F3BF15B-6169-456E-BCCB-56E8C4D8F06F}"
EndProject
Global
	GlobalSection(SolutionConfigurationPlatforms) = preSolution
		Debug|Any CPU = Debug|Any CPU
		Release|Any CPU = Release|Any CPU
	EndGlobalSection
	GlobalSection(ProjectConfigurationPlatforms) = postSolution
		{3F3BF15B-6169-456E-BCCB-56E8C4D8F06F}.Debug|Any CPU.ActiveCfg = Debug|Any CPU
		{3F3BF15B-6169-456E-BCCB-56E8C4D8F06F}.Debug|Any CPU.Build.0 = Debug|Any CPU
		{3F3BF15B-6169-456E-BCCB-56E8C4D8F06F}.Release|Any CPU.ActiveCfg = Release|Any CPU
		{3F3BF15B-6169-456E-BCCB-56E8C4D8F06F}.Release|Any CPU.Build.0 = Release|Any CPU
	EndGlobalSection
	GlobalSection(SolutionProperties) = preSolution
		HideSolutionNode = FALSE
	EndGlobalSection
	GlobalSection(ExtensibilityGlobals) = postSolution
		SolutionGuid = {E6005DAC-09AE-4C74-B08E-A04EF9358046}
	EndGlobalSection
EndGlobal
