
Microsoft Visual Studio Solution File, Format Version 12.00
# Visual Studio Version 17
VisualStudioVersion = 17.10.35013.160
MinimumVisualStudioVersion = 10.0.40219.1
Project("{FAE04EC0-301F-11D3-BF4B-00C04F79EFBC}") = "Calculadora basica", "Calculadora basica.csproj", "{B75CF339-1765-4056-976A-7521E08D1D34}"
EndProject
Global
	GlobalSection(SolutionConfigurationPlatforms) = preSolution
		Debug|Any CPU = Debug|Any CPU
		Release|Any CPU = Release|Any CPU
	EndGlobalSection
	GlobalSection(ProjectConfigurationPlatforms) = postSolution
		{B75CF339-1765-4056-976A-7521E08D1D34}.Debug|Any CPU.ActiveCfg = Debug|Any CPU
		{B75CF339-1765-4056-976A-7521E08D1D34}.Debug|Any CPU.Build.0 = Debug|Any CPU
		{B75CF339-1765-4056-976A-7521E08D1D34}.Release|Any CPU.ActiveCfg = Release|Any CPU
		{B75CF339-1765-4056-976A-7521E08D1D34}.Release|Any CPU.Build.0 = Release|Any CPU
	EndGlobalSection
	GlobalSection(SolutionProperties) = preSolution
		HideSolutionNode = FALSE
	EndGlobalSection
	GlobalSection(ExtensibilityGlobals) = postSolution
		SolutionGuid = {61A0F633-08FD-42AC-9B8F-A3378F4D9287}
	EndGlobalSection
EndGlobal
