
Microsoft Visual Studio Solution File, Format Version 12.00
# Visual Studio Version 17
VisualStudioVersion = 17.10.35013.160
MinimumVisualStudioVersion = 10.0.40219.1
Project("{FAE04EC0-301F-11D3-BF4B-00C04F79EFBC}") = "tienda new", "tienda new.csproj", "{408CC710-A23B-4ED5-A69C-C0721BBF3184}"
EndProject
Global
	GlobalSection(SolutionConfigurationPlatforms) = preSolution
		Debug|Any CPU = Debug|Any CPU
		Release|Any CPU = Release|Any CPU
	EndGlobalSection
	GlobalSection(ProjectConfigurationPlatforms) = postSolution
		{408CC710-A23B-4ED5-A69C-C0721BBF3184}.Debug|Any CPU.ActiveCfg = Debug|Any CPU
		{408CC710-A23B-4ED5-A69C-C0721BBF3184}.Debug|Any CPU.Build.0 = Debug|Any CPU
		{408CC710-A23B-4ED5-A69C-C0721BBF3184}.Release|Any CPU.ActiveCfg = Release|Any CPU
		{408CC710-A23B-4ED5-A69C-C0721BBF3184}.Release|Any CPU.Build.0 = Release|Any CPU
	EndGlobalSection
	GlobalSection(SolutionProperties) = preSolution
		HideSolutionNode = FALSE
	EndGlobalSection
	GlobalSection(ExtensibilityGlobals) = postSolution
		SolutionGuid = {FF269DD9-3C81-4B10-81A0-D8FBE5B77701}
	EndGlobalSection
EndGlobal
